
Microsoft Visual Studio Solution File, Format Version 12.00
# Visual Studio Version 16
VisualStudioVersion = 16.0.31729.503
MinimumVisualStudioVersion = 10.0.40219.1
Project("{888888A0-9F3D-457C-B088-3A5042F75D52}") = "PoroBot", "PoroBot.pyproj", "{98F4A0E2-64D1-4E02-B774-09BE5387281F}"
EndProject
Global
	GlobalSection(SolutionConfigurationPlatforms) = preSolution
		Debug|Any CPU = Debug|Any CPU
		Release|Any CPU = Release|Any CPU
	EndGlobalSection
	GlobalSection(ProjectConfigurationPlatforms) = postSolution
		{98F4A0E2-64D1-4E02-B774-09BE5387281F}.Debug|Any CPU.ActiveCfg = Debug|Any CPU
		{98F4A0E2-64D1-4E02-B774-09BE5387281F}.Release|Any CPU.ActiveCfg = Release|Any CPU
	EndGlobalSection
	GlobalSection(SolutionProperties) = preSolution
		HideSolutionNode = FALSE
	EndGlobalSection
	GlobalSection(ExtensibilityGlobals) = postSolution
		SolutionGuid = {92462399-F0AF-4C69-B84B-E20207772359}
	EndGlobalSection
EndGlobal
